
Microsoft Visual Studio Solution File, Format Version 12.00
# Visual Studio Version 17
VisualStudioVersion = 17.0.31903.59
MinimumVisualStudioVersion = 10.0.40219.1
Project("{FAE04EC0-301F-11D3-BF4B-00C04F79EFBC}") = "SabreTools.ASN1", "SabreTools.ASN1\SabreTools.ASN1.csproj", "{88EA40DD-E313-479C-94EA-0AB948DB4720}"
EndProject
Project("{FAE04EC0-301F-11D3-BF4B-00C04F79EFBC}") = "SabreTools.ASN1.Test", "SabreTools.ASN1.Test\SabreTools.ASN1.Test.csproj", "{5C740920-9505-4B58-AC17-2967559F6AE7}"
EndProject
Global
	GlobalSection(SolutionConfigurationPlatforms) = preSolution
		Debug|Any CPU = Debug|Any CPU
		Release|Any CPU = Release|Any CPU
	EndGlobalSection
	GlobalSection(SolutionProperties) = preSolution
		HideSolutionNode = FALSE
	EndGlobalSection
	GlobalSection(ProjectConfigurationPlatforms) = postSolution
		{88EA40DD-E313-479C-94EA-0AB948DB4720}.Debug|Any CPU.ActiveCfg = Debug|Any CPU
		{88EA40DD-E313-479C-94EA-0AB948DB4720}.Debug|Any CPU.Build.0 = Debug|Any CPU
		{88EA40DD-E313-479C-94EA-0AB948DB4720}.Release|Any CPU.ActiveCfg = Release|Any CPU
		{88EA40DD-E313-479C-94EA-0AB948DB4720}.Release|Any CPU.Build.0 = Release|Any CPU
		{5C740920-9505-4B58-AC17-2967559F6AE7}.Debug|Any CPU.ActiveCfg = Debug|Any CPU
		{5C740920-9505-4B58-AC17-2967559F6AE7}.Debug|Any CPU.Build.0 = Debug|Any CPU
		{5C740920-9505-4B58-AC17-2967559F6AE7}.Release|Any CPU.ActiveCfg = Release|Any CPU
		{5C740920-9505-4B58-AC17-2967559F6AE7}.Release|Any CPU.Build.0 = Release|Any CPU
	EndGlobalSection
EndGlobal
